<Solution>
  <Project Path="src/Demo.Api/Demo.Api.csproj" />
  <Project Path="src/Demo.Business/Demo.Business.csproj" />
  <Project Path="src/Demo.Infrastructure.AuthenticationService/Demo.Infrastructure.AuthenticationService.csproj" />
  <Project Path="src/Demo.Infrastructure.FuelEconomyService/Demo.Infrastructure.FuelEconomyService.csproj" />
</Solution>
